{
  "originHash" : "973301dd1d557742fc60719debaa18c415e2b3872adce4fefab0297326780236",
  "pins" : [
    {
      "identity" : "alamofire",
      "kind" : "remoteSourceControl",
      "location" : "https://github.com/Alamofire/Alamofire.git",
      "state" : {
        "revision" : "513364f870f6bfc468f9d2ff0a95caccc10044c5",
        "version" : "5.10.2"
      }
    },
    {
      "identity" : "mantis",
      "kind" : "remoteSourceControl",
      "location" : "https://github.com/guoyingtao/Mantis",
      "state" : {
        "revision" : "35e21e6bf74346fc12f8324b12d506bd45cb9306",
        "version" : "2.25.3"
      }
    }
  ],
  "version" : 3
}
